
Microsoft Visual Studio Solution File, Format Version 12.00
# Visual Studio 15
VisualStudioVersion = 15.0.27004.2005
MinimumVisualStudioVersion = 10.0.40219.1
Project("{888888A0-9F3D-457C-B088-3A5042F75D52}") = "PythonTensorFlow", "PythonTensorFlow\PythonTensorFlow.pyproj", "{4758E8C5-AED6-4AB7-9A71-7EBF2B5B4F13}"
EndProject
Global
	GlobalSection(SolutionConfigurationPlatforms) = preSolution
		Debug|Any CPU = Debug|Any CPU
		Release|Any CPU = Release|Any CPU
	EndGlobalSection
	GlobalSection(ProjectConfigurationPlatforms) = postSolution
		{4758E8C5-AED6-4AB7-9A71-7EBF2B5B4F13}.Debug|Any CPU.ActiveCfg = Debug|Any CPU
		{4758E8C5-AED6-4AB7-9A71-7EBF2B5B4F13}.Release|Any CPU.ActiveCfg = Release|Any CPU
	EndGlobalSection
	GlobalSection(SolutionProperties) = preSolution
		HideSolutionNode = FALSE
	EndGlobalSection
	GlobalSection(ExtensibilityGlobals) = postSolution
		SolutionGuid = {06F70DD9-8A79-4B67-A504-D0607214C412}
	EndGlobalSection
EndGlobal
